
Microsoft Visual Studio Solution File, Format Version 12.00
# Visual Studio 15
VisualStudioVersion = 15.0.28307.902
MinimumVisualStudioVersion = 10.0.40219.1
Project("{FAE04EC0-301F-11D3-BF4B-00C04F79EFBC}") = "FigureLibrary", "TFigureLibrary\FigureLibrary.csproj", "{F17B8717-3975-417A-9546-8126A823EF8E}"
EndProject
Project("{FAE04EC0-301F-11D3-BF4B-00C04F79EFBC}") = "UnitTestApp", "UnitTestApp\UnitTestApp.csproj", "{46EB23A0-AB82-4479-9DB9-10120EDF3688}"
EndProject
Global
	GlobalSection(SolutionConfigurationPlatforms) = preSolution
		Debug|Any CPU = Debug|Any CPU
		Release|Any CPU = Release|Any CPU
	EndGlobalSection
	GlobalSection(ProjectConfigurationPlatforms) = postSolution
		{F17B8717-3975-417A-9546-8126A823EF8E}.Debug|Any CPU.ActiveCfg = Debug|Any CPU
		{F17B8717-3975-417A-9546-8126A823EF8E}.Debug|Any CPU.Build.0 = Debug|Any CPU
		{F17B8717-3975-417A-9546-8126A823EF8E}.Release|Any CPU.ActiveCfg = Release|Any CPU
		{F17B8717-3975-417A-9546-8126A823EF8E}.Release|Any CPU.Build.0 = Release|Any CPU
		{46EB23A0-AB82-4479-9DB9-10120EDF3688}.Debug|Any CPU.ActiveCfg = Debug|Any CPU
		{46EB23A0-AB82-4479-9DB9-10120EDF3688}.Debug|Any CPU.Build.0 = Debug|Any CPU
		{46EB23A0-AB82-4479-9DB9-10120EDF3688}.Release|Any CPU.ActiveCfg = Release|Any CPU
		{46EB23A0-AB82-4479-9DB9-10120EDF3688}.Release|Any CPU.Build.0 = Release|Any CPU
	EndGlobalSection
	GlobalSection(SolutionProperties) = preSolution
		HideSolutionNode = FALSE
	EndGlobalSection
	GlobalSection(ExtensibilityGlobals) = postSolution
		SolutionGuid = {D79D894D-4309-400A-840E-633906713BA5}
	EndGlobalSection
EndGlobal
